
Microsoft Visual Studio Solution File, Format Version 12.00
# Visual Studio Version 16
VisualStudioVersion = 16.0.29519.87
MinimumVisualStudioVersion = 10.0.40219.1
Project("{FAE04EC0-301F-11D3-BF4B-00C04F79EFBC}") = "gittest", "gittest\gittest.csproj", "{545C0EDB-F2F8-4811-956B-8DF28B975891}"
EndProject
Global
	GlobalSection(SolutionConfigurationPlatforms) = preSolution
		Debug|Any CPU = Debug|Any CPU
		Release|Any CPU = Release|Any CPU
	EndGlobalSection
	GlobalSection(ProjectConfigurationPlatforms) = postSolution
		{545C0EDB-F2F8-4811-956B-8DF28B975891}.Debug|Any CPU.ActiveCfg = Debug|Any CPU
		{545C0EDB-F2F8-4811-956B-8DF28B975891}.Debug|Any CPU.Build.0 = Debug|Any CPU
		{545C0EDB-F2F8-4811-956B-8DF28B975891}.Release|Any CPU.ActiveCfg = Release|Any CPU
		{545C0EDB-F2F8-4811-956B-8DF28B975891}.Release|Any CPU.Build.0 = Release|Any CPU
	EndGlobalSection
	GlobalSection(SolutionProperties) = preSolution
		HideSolutionNode = FALSE
	EndGlobalSection
	GlobalSection(ExtensibilityGlobals) = postSolution
		SolutionGuid = {DE45686B-4714-4BBC-B0C6-FD20D9528A95}
	EndGlobalSection
EndGlobal
